{
  "nodes": {
    "flakeNimbleLib": {
      "inputs": {
        "nixpkgs": [
          "nixpkgs"
        ]
      },
      "locked": {
        "lastModified": 1662018438,
        "narHash": "sha256-QtNtU6+LX3Wokxf0zlFwKTFOcn6TeDjKQZ+DA9OYtvM=",
        "owner": "riinr",
        "repo": "nim-flakes-lib",
        "rev": "b1fe8340736e3a85d25c709ac3dfd82a55c03cbf",
        "type": "github"
      },
      "original": {
        "owner": "riinr",
        "ref": "master",
        "repo": "nim-flakes-lib",
        "type": "github"
      }
    },
    "nixpkgs": {
      "locked": {
        "lastModified": 1667199707,
        "narHash": "sha256-I2Js3Y7gUyVSEXPULHlBoRek4Lh85vnevdS6mdvDNLI=",
        "owner": "NixOS",
        "repo": "nixpkgs",
        "rev": "ced197be72099edcfa68ebed8b87af7b04851f45",
        "type": "github"
      },
      "original": {
        "id": "nixpkgs",
        "type": "indirect"
      }
    },
    "root": {
      "inputs": {
        "flakeNimbleLib": "flakeNimbleLib",
        "nixpkgs": "nixpkgs",
        "winversion-master": "winversion-master"
      }
    },
    "src-winversion-master": {
      "flake": false,
      "locked": {
        "lastModified": 1571255444,
        "narHash": "sha256-iKYWz09S+UXfsmEN+R579ULOYbIQ0NstvsfmcWHlDE4=",
        "owner": "rockcavera",
        "repo": "winversion",
        "rev": "25f89f8627d1f62b17d7d0bea90943b6ec4abd10",
        "type": "github"
      },
      "original": {
        "owner": "rockcavera",
        "ref": "refs/heads/master",
        "repo": "winversion",
        "type": "github"
      }
    },
    "winversion-master": {
      "inputs": {
        "flakeNimbleLib": [
          "flakeNimbleLib"
        ],
        "nixpkgs": [
          "nixpkgs"
        ],
        "src-winversion-master": "src-winversion-master"
      },
      "locked": {
        "dir": "master",
        "lastModified": 1667322797,
        "narHash": "sha256-zPjHo0rTRP6k+2u63vdpjliky9VzE3XslLv09sGtOsA=",
        "owner": "nim-nix-pkgs",
        "repo": "winversion",
        "rev": "0e0072d66d203e71b3d1f0962643d2975594f76f",
        "type": "github"
      },
      "original": {
        "dir": "master",
        "owner": "nim-nix-pkgs",
        "ref": "master",
        "repo": "winversion",
        "type": "github"
      }
    }
  },
  "root": "root",
  "version": 7
}
